
Microsoft Visual Studio Solution File, Format Version 12.00
# Visual Studio Version 17
VisualStudioVersion = 17.3.32929.385
MinimumVisualStudioVersion = 10.0.40219.1
Project("{FAE04EC0-301F-11D3-BF4B-00C04F79EFBC}") = "GamerzList", "GamerzList\GamerzList.csproj", "{43215F81-E255-4F39-BDCD-2770827DE6CA}"
EndProject
Global
	GlobalSection(SolutionConfigurationPlatforms) = preSolution
		Debug|Any CPU = Debug|Any CPU
		Release|Any CPU = Release|Any CPU
	EndGlobalSection
	GlobalSection(ProjectConfigurationPlatforms) = postSolution
		{43215F81-E255-4F39-BDCD-2770827DE6CA}.Debug|Any CPU.ActiveCfg = Debug|Any CPU
		{43215F81-E255-4F39-BDCD-2770827DE6CA}.Debug|Any CPU.Build.0 = Debug|Any CPU
		{43215F81-E255-4F39-BDCD-2770827DE6CA}.Release|Any CPU.ActiveCfg = Release|Any CPU
		{43215F81-E255-4F39-BDCD-2770827DE6CA}.Release|Any CPU.Build.0 = Release|Any CPU
	EndGlobalSection
	GlobalSection(SolutionProperties) = preSolution
		HideSolutionNode = FALSE
	EndGlobalSection
	GlobalSection(ExtensibilityGlobals) = postSolution
		SolutionGuid = {4C738152-1243-43D9-8B2C-6A057DD6972A}
	EndGlobalSection
EndGlobal
